
Microsoft Visual Studio Solution File, Format Version 12.00
# Visual Studio Version 16
VisualStudioVersion = 16.0.29709.97
MinimumVisualStudioVersion = 10.0.40219.1
Project("{9A19103F-16F7-4668-BE54-9A1E7A4F7556}") = "MarsRover", "MarsRover\MarsRover.csproj", "{ABE740D2-4AFA-4212-A840-E28BA4B77614}"
EndProject
Project("{9A19103F-16F7-4668-BE54-9A1E7A4F7556}") = "MarsRover.MSTest", "MarsRover.MSTest\MarsRover.MSTest.csproj", "{6B501A06-7BE5-46B3-872F-AEC336B09C4B}"
EndProject
Global
	GlobalSection(SolutionConfigurationPlatforms) = preSolution
		Debug|Any CPU = Debug|Any CPU
		Release|Any CPU = Release|Any CPU
	EndGlobalSection
	GlobalSection(ProjectConfigurationPlatforms) = postSolution
		{ABE740D2-4AFA-4212-A840-E28BA4B77614}.Debug|Any CPU.ActiveCfg = Debug|Any CPU
		{ABE740D2-4AFA-4212-A840-E28BA4B77614}.Debug|Any CPU.Build.0 = Debug|Any CPU
		{ABE740D2-4AFA-4212-A840-E28BA4B77614}.Release|Any CPU.ActiveCfg = Release|Any CPU
		{ABE740D2-4AFA-4212-A840-E28BA4B77614}.Release|Any CPU.Build.0 = Release|Any CPU
		{6B501A06-7BE5-46B3-872F-AEC336B09C4B}.Debug|Any CPU.ActiveCfg = Debug|Any CPU
		{6B501A06-7BE5-46B3-872F-AEC336B09C4B}.Debug|Any CPU.Build.0 = Debug|Any CPU
		{6B501A06-7BE5-46B3-872F-AEC336B09C4B}.Release|Any CPU.ActiveCfg = Release|Any CPU
		{6B501A06-7BE5-46B3-872F-AEC336B09C4B}.Release|Any CPU.Build.0 = Release|Any CPU
	EndGlobalSection
	GlobalSection(SolutionProperties) = preSolution
		HideSolutionNode = FALSE
	EndGlobalSection
	GlobalSection(ExtensibilityGlobals) = postSolution
		SolutionGuid = {56220630-1FE2-4F8B-A1A1-1F222DE5E200}
	EndGlobalSection
EndGlobal
